{
    "name": "metavert",
    "lockfileVersion": 3,
    "requires": true,
    "packages": {
        "": {
            "name": "metavert",
            "dependencies": {
                "@fortawesome/fontawesome-free": "*",
                "uikit": "3.15.5"
            }
        },
        "node_modules/@fortawesome/fontawesome-free": {
            "version": "6.2.1",
            "resolved": "https://registry.npmjs.org/@fortawesome/fontawesome-free/-/fontawesome-free-6.2.1.tgz",
            "integrity": "sha512-viouXhegu/TjkvYQoiRZK3aax69dGXxgEjpvZW81wIJdxm5Fnvp3VVIP4VHKqX4SvFw6qpmkILkD4RJWAdrt7A==",
            "hasInstallScript": true,
            "engines": {
                "node": ">=6"
            }
        },
        "node_modules/uikit": {
            "version": "3.15.5",
            "resolved": "https://registry.npmjs.org/uikit/-/uikit-3.15.5.tgz",
            "integrity": "sha512-mQ1UiIIT0uIIGUzmIioOAlgn1N9SFBM+E92cB5E7u3dg/uicV1nbEA2WJ1ia0ecnt35FysVMQ13w0ruyLS2k8A=="
        }
    }
}
